{
  "name": "hangul-chosung-search-js",
  "version": "0.1.1",
  "lockfileVersion": 1,
  "requires": true,
  "dependencies": {
    "hangul-js": {
      "version": "0.2.5",
      "resolved": "https://registry.npmjs.org/hangul-js/-/hangul-js-0.2.5.tgz",
      "integrity": "sha512-ZafxR9uUgS7ZpYgMUFRWA4/ixems1PGLFuSqfoE2L0RnAmqvLqV39SWp+v90htBUA8Y5SMbF7Db6pNWe/7wjRw=="
    }
  }
}
